
Microsoft Visual Studio Solution File, Format Version 12.00
# Visual Studio 15
VisualStudioVersion = 15.0.27130.2026
MinimumVisualStudioVersion = 10.0.40219.1
Project("{FAE04EC0-301F-11D3-BF4B-00C04F79EFBC}") = "ClientChat", "ClientChat\ClientChat.csproj", "{F3578BDB-5F72-411B-8AC6-98AA6A9E3D69}"
EndProject
Project("{FAE04EC0-301F-11D3-BF4B-00C04F79EFBC}") = "ServerChat", "ServerChat\ServerChat.csproj", "{FF47D4A9-2C1C-4A80-A0AE-D4A3A46201FA}"
EndProject
Global
	GlobalSection(SolutionConfigurationPlatforms) = preSolution
		Debug|Any CPU = Debug|Any CPU
		Release|Any CPU = Release|Any CPU
	EndGlobalSection
	GlobalSection(ProjectConfigurationPlatforms) = postSolution
		{F3578BDB-5F72-411B-8AC6-98AA6A9E3D69}.Debug|Any CPU.ActiveCfg = Debug|Any CPU
		{F3578BDB-5F72-411B-8AC6-98AA6A9E3D69}.Debug|Any CPU.Build.0 = Debug|Any CPU
		{F3578BDB-5F72-411B-8AC6-98AA6A9E3D69}.Release|Any CPU.ActiveCfg = Release|Any CPU
		{F3578BDB-5F72-411B-8AC6-98AA6A9E3D69}.Release|Any CPU.Build.0 = Release|Any CPU
		{FF47D4A9-2C1C-4A80-A0AE-D4A3A46201FA}.Debug|Any CPU.ActiveCfg = Debug|Any CPU
		{FF47D4A9-2C1C-4A80-A0AE-D4A3A46201FA}.Debug|Any CPU.Build.0 = Debug|Any CPU
		{FF47D4A9-2C1C-4A80-A0AE-D4A3A46201FA}.Release|Any CPU.ActiveCfg = Release|Any CPU
		{FF47D4A9-2C1C-4A80-A0AE-D4A3A46201FA}.Release|Any CPU.Build.0 = Release|Any CPU
	EndGlobalSection
	GlobalSection(SolutionProperties) = preSolution
		HideSolutionNode = FALSE
	EndGlobalSection
	GlobalSection(ExtensibilityGlobals) = postSolution
		SolutionGuid = {707ECCEB-8BE7-4984-A5CE-F76C59C4C240}
	EndGlobalSection
EndGlobal
